<Solution>
  <Folder Name="/aspire/">
    <Project Path="Atipico.Aspire.AppHost/Atipico.Aspire.AppHost.csproj" Id="1a1e0956-3f15-4a3e-b4cf-a3b940bb5b22" />
    <Project Path="Atipico.Aspire.ServiceDefaults/Atipico.Aspire.ServiceDefaults.csproj" />
  </Folder>
  <Folder Name="/src/">
    <Project Path="Atipico.Api/Atipico.Api.csproj" Id="bda24492-3a37-4cdd-a46d-7fbfb4777e16" />
    <Project Path="Atipico.Application/Atipico.Application.csproj" />
    <Project Path="Atipico.Domain/Atipico.Domain.csproj" />
    <Project Path="Atipico.Infraestructure/Atipico.Infraestructure.csproj" />
    <Project Path="Atipico.Web/Atipico.Web.csproj" Id="ec43fe03-14f5-4747-a00b-9e9b88f498f4" />
  </Folder>
  <Folder Name="/tests/">
    <Project Path="Atipico.Api.Tests/Atipico.Api.Tests.csproj" Id="662cf30b-3876-4ed5-ae79-159f14e00d8f" />
    <Project Path="Atipico.Application.Tests/Atipico.Application.Tests.csproj" Id="3c46b3bb-74b2-4035-9df7-23f4c1759df7" />
    <Project Path="Atipico.Domain.Tests/Atipico.Domain.Tests.csproj" Id="5f4f3f7b-9386-4e3a-88ba-b43395698a19" />
    <Project Path="Atipico.Infraestructure.Tests/Atipico.Infraestructure.Tests.csproj" Id="2e9d7b6e-6d4c-4b1b-9875-206c16f83ed0" />
    <Project Path="Atipico.Web.Tests/Atipico.Web.Tests.csproj" Id="cd1910dc-4e24-4937-88ee-547a83898197" />
  </Folder>
</Solution>
